
Microsoft Visual Studio Solution File, Format Version 12.00
# Visual Studio Version 17
VisualStudioVersion = 17.2.32505.173
MinimumVisualStudioVersion = 10.0.40219.1
Project("{FAE04EC0-301F-11D3-BF4B-00C04F79EFBC}") = "APIWarsUser", "APIWarsUser\APIWarsUser.csproj", "{3A2BC00B-100C-4422-97D9-9B33BF3692DD}"
EndProject
Global
	GlobalSection(SolutionConfigurationPlatforms) = preSolution
		Debug|Any CPU = Debug|Any CPU
		Release|Any CPU = Release|Any CPU
	EndGlobalSection
	GlobalSection(ProjectConfigurationPlatforms) = postSolution
		{3A2BC00B-100C-4422-97D9-9B33BF3692DD}.Debug|Any CPU.ActiveCfg = Debug|Any CPU
		{3A2BC00B-100C-4422-97D9-9B33BF3692DD}.Debug|Any CPU.Build.0 = Debug|Any CPU
		{3A2BC00B-100C-4422-97D9-9B33BF3692DD}.Release|Any CPU.ActiveCfg = Release|Any CPU
		{3A2BC00B-100C-4422-97D9-9B33BF3692DD}.Release|Any CPU.Build.0 = Release|Any CPU
	EndGlobalSection
	GlobalSection(SolutionProperties) = preSolution
		HideSolutionNode = FALSE
	EndGlobalSection
	GlobalSection(ExtensibilityGlobals) = postSolution
		SolutionGuid = {38EAD213-6D7D-4240-9B50-6138683058BB}
	EndGlobalSection
EndGlobal
